
Microsoft Visual Studio Solution File, Format Version 12.00
# Visual Studio Version 17
VisualStudioVersion = 17.13.35931.197 d17.13
MinimumVisualStudioVersion = 10.0.40219.1
Project("{FAE04EC0-301F-11D3-BF4B-00C04F79EFBC}") = "lab1.2", "lab1.2\lab1.2.csproj", "{0D89A671-19A0-46AC-BB9A-F1EF09ED4BDE}"
EndProject
Global
	GlobalSection(SolutionConfigurationPlatforms) = preSolution
		Debug|Any CPU = Debug|Any CPU
		Release|Any CPU = Release|Any CPU
	EndGlobalSection
	GlobalSection(ProjectConfigurationPlatforms) = postSolution
		{0D89A671-19A0-46AC-BB9A-F1EF09ED4BDE}.Debug|Any CPU.ActiveCfg = Debug|Any CPU
		{0D89A671-19A0-46AC-BB9A-F1EF09ED4BDE}.Debug|Any CPU.Build.0 = Debug|Any CPU
		{0D89A671-19A0-46AC-BB9A-F1EF09ED4BDE}.Release|Any CPU.ActiveCfg = Release|Any CPU
		{0D89A671-19A0-46AC-BB9A-F1EF09ED4BDE}.Release|Any CPU.Build.0 = Release|Any CPU
	EndGlobalSection
	GlobalSection(SolutionProperties) = preSolution
		HideSolutionNode = FALSE
	EndGlobalSection
	GlobalSection(ExtensibilityGlobals) = postSolution
		SolutionGuid = {0B4C2CEB-B0BE-4314-9892-584268FD91D8}
	EndGlobalSection
EndGlobal
