
Microsoft Visual Studio Solution File, Format Version 12.00
# Visual Studio Version 17
VisualStudioVersion = 17.13.35931.197 d17.13
MinimumVisualStudioVersion = 10.0.40219.1
Project("{FAE04EC0-301F-11D3-BF4B-00C04F79EFBC}") = "lab1.4", "lab1.4\lab1.4.csproj", "{FA422C7A-C7DD-4C52-8FEE-16B8F390CDCB}"
EndProject
Global
	GlobalSection(SolutionConfigurationPlatforms) = preSolution
		Debug|Any CPU = Debug|Any CPU
		Release|Any CPU = Release|Any CPU
	EndGlobalSection
	GlobalSection(ProjectConfigurationPlatforms) = postSolution
		{FA422C7A-C7DD-4C52-8FEE-16B8F390CDCB}.Debug|Any CPU.ActiveCfg = Debug|Any CPU
		{FA422C7A-C7DD-4C52-8FEE-16B8F390CDCB}.Debug|Any CPU.Build.0 = Debug|Any CPU
		{FA422C7A-C7DD-4C52-8FEE-16B8F390CDCB}.Release|Any CPU.ActiveCfg = Release|Any CPU
		{FA422C7A-C7DD-4C52-8FEE-16B8F390CDCB}.Release|Any CPU.Build.0 = Release|Any CPU
	EndGlobalSection
	GlobalSection(SolutionProperties) = preSolution
		HideSolutionNode = FALSE
	EndGlobalSection
	GlobalSection(ExtensibilityGlobals) = postSolution
		SolutionGuid = {A4B043B2-832C-4492-9BCA-9B3754156A46}
	EndGlobalSection
EndGlobal
